
Microsoft Visual Studio Solution File, Format Version 12.00
# Visual Studio 15
VisualStudioVersion = 15.0.28307.168
MinimumVisualStudioVersion = 10.0.40219.1
Project("{FAE04EC0-301F-11D3-BF4B-00C04F79EFBC}") = "Aula1", "Aula1\Aula1.csproj", "{81E83EF5-E97E-46B9-B124-785568DF7B5F}"
EndProject
Global
	GlobalSection(SolutionConfigurationPlatforms) = preSolution
		Debug|Any CPU = Debug|Any CPU
		Release|Any CPU = Release|Any CPU
	EndGlobalSection
	GlobalSection(ProjectConfigurationPlatforms) = postSolution
		{81E83EF5-E97E-46B9-B124-785568DF7B5F}.Debug|Any CPU.ActiveCfg = Debug|Any CPU
		{81E83EF5-E97E-46B9-B124-785568DF7B5F}.Debug|Any CPU.Build.0 = Debug|Any CPU
		{81E83EF5-E97E-46B9-B124-785568DF7B5F}.Release|Any CPU.ActiveCfg = Release|Any CPU
		{81E83EF5-E97E-46B9-B124-785568DF7B5F}.Release|Any CPU.Build.0 = Release|Any CPU
	EndGlobalSection
	GlobalSection(SolutionProperties) = preSolution
		HideSolutionNode = FALSE
	EndGlobalSection
	GlobalSection(ExtensibilityGlobals) = postSolution
		SolutionGuid = {85FD8114-E1F9-41DA-9FE5-BBCA2243B085}
	EndGlobalSection
EndGlobal
