
Microsoft Visual Studio Solution File, Format Version 12.00
# Visual Studio 15
VisualStudioVersion = 15.0.28307.168
MinimumVisualStudioVersion = 10.0.40219.1
Project("{FAE04EC0-301F-11D3-BF4B-00C04F79EFBC}") = "primeiro-projeto-pi3", "primeiro-projeto-pi3\primeiro-projeto-pi3.csproj", "{B4B24F1D-DB86-45EE-AE74-C058CE037A97}"
EndProject
Global
	GlobalSection(SolutionConfigurationPlatforms) = preSolution
		Debug|Any CPU = Debug|Any CPU
		Release|Any CPU = Release|Any CPU
	EndGlobalSection
	GlobalSection(ProjectConfigurationPlatforms) = postSolution
		{B4B24F1D-DB86-45EE-AE74-C058CE037A97}.Debug|Any CPU.ActiveCfg = Debug|Any CPU
		{B4B24F1D-DB86-45EE-AE74-C058CE037A97}.Debug|Any CPU.Build.0 = Debug|Any CPU
		{B4B24F1D-DB86-45EE-AE74-C058CE037A97}.Release|Any CPU.ActiveCfg = Release|Any CPU
		{B4B24F1D-DB86-45EE-AE74-C058CE037A97}.Release|Any CPU.Build.0 = Release|Any CPU
	EndGlobalSection
	GlobalSection(SolutionProperties) = preSolution
		HideSolutionNode = FALSE
	EndGlobalSection
	GlobalSection(ExtensibilityGlobals) = postSolution
		SolutionGuid = {61733B67-50AA-4382-8DEB-2638E1266062}
	EndGlobalSection
EndGlobal
