
Microsoft Visual Studio Solution File, Format Version 12.00
# Visual Studio 15
VisualStudioVersion = 15.0.28307.168
MinimumVisualStudioVersion = 10.0.40219.1
Project("{FAE04EC0-301F-11D3-BF4B-00C04F79EFBC}") = "ProjetoRevisao", "ProjetoRevisao\ProjetoRevisao.csproj", "{809203CA-DB48-4999-845E-6D9289866732}"
EndProject
Global
	GlobalSection(SolutionConfigurationPlatforms) = preSolution
		Debug|Any CPU = Debug|Any CPU
		Release|Any CPU = Release|Any CPU
	EndGlobalSection
	GlobalSection(ProjectConfigurationPlatforms) = postSolution
		{809203CA-DB48-4999-845E-6D9289866732}.Debug|Any CPU.ActiveCfg = Debug|Any CPU
		{809203CA-DB48-4999-845E-6D9289866732}.Debug|Any CPU.Build.0 = Debug|Any CPU
		{809203CA-DB48-4999-845E-6D9289866732}.Release|Any CPU.ActiveCfg = Release|Any CPU
		{809203CA-DB48-4999-845E-6D9289866732}.Release|Any CPU.Build.0 = Release|Any CPU
	EndGlobalSection
	GlobalSection(SolutionProperties) = preSolution
		HideSolutionNode = FALSE
	EndGlobalSection
	GlobalSection(ExtensibilityGlobals) = postSolution
		SolutionGuid = {EC79E346-1CDA-4836-8FCB-58A37D3C6165}
	EndGlobalSection
EndGlobal
