
Microsoft Visual Studio Solution File, Format Version 12.00
# Visual Studio 15
VisualStudioVersion = 15.0.28307.168
MinimumVisualStudioVersion = 10.0.40219.1
Project("{FAE04EC0-301F-11D3-BF4B-00C04F79EFBC}") = "ProjetoLinq", "ProjetoLinq\ProjetoLinq.csproj", "{1C84990C-91B8-483D-B06F-BDC401FF8726}"
EndProject
Global
	GlobalSection(SolutionConfigurationPlatforms) = preSolution
		Debug|Any CPU = Debug|Any CPU
		Release|Any CPU = Release|Any CPU
	EndGlobalSection
	GlobalSection(ProjectConfigurationPlatforms) = postSolution
		{1C84990C-91B8-483D-B06F-BDC401FF8726}.Debug|Any CPU.ActiveCfg = Debug|Any CPU
		{1C84990C-91B8-483D-B06F-BDC401FF8726}.Debug|Any CPU.Build.0 = Debug|Any CPU
		{1C84990C-91B8-483D-B06F-BDC401FF8726}.Release|Any CPU.ActiveCfg = Release|Any CPU
		{1C84990C-91B8-483D-B06F-BDC401FF8726}.Release|Any CPU.Build.0 = Release|Any CPU
	EndGlobalSection
	GlobalSection(SolutionProperties) = preSolution
		HideSolutionNode = FALSE
	EndGlobalSection
	GlobalSection(ExtensibilityGlobals) = postSolution
		SolutionGuid = {1E8C2934-CEBB-46AF-A662-2AB6674AC0B7}
	EndGlobalSection
EndGlobal
