
Microsoft Visual Studio Solution File, Format Version 12.00
# Visual Studio 15
VisualStudioVersion = 15.0.28307.168
MinimumVisualStudioVersion = 10.0.40219.1
Project("{FAE04EC0-301F-11D3-BF4B-00C04F79EFBC}") = "TerceiroProjeto", "TerceiroProjeto\TerceiroProjeto.csproj", "{2376021B-17E9-416C-BA2F-20F2649B6D6E}"
EndProject
Global
	GlobalSection(SolutionConfigurationPlatforms) = preSolution
		Debug|Any CPU = Debug|Any CPU
		Release|Any CPU = Release|Any CPU
	EndGlobalSection
	GlobalSection(ProjectConfigurationPlatforms) = postSolution
		{2376021B-17E9-416C-BA2F-20F2649B6D6E}.Debug|Any CPU.ActiveCfg = Debug|Any CPU
		{2376021B-17E9-416C-BA2F-20F2649B6D6E}.Debug|Any CPU.Build.0 = Debug|Any CPU
		{2376021B-17E9-416C-BA2F-20F2649B6D6E}.Release|Any CPU.ActiveCfg = Release|Any CPU
		{2376021B-17E9-416C-BA2F-20F2649B6D6E}.Release|Any CPU.Build.0 = Release|Any CPU
	EndGlobalSection
	GlobalSection(SolutionProperties) = preSolution
		HideSolutionNode = FALSE
	EndGlobalSection
	GlobalSection(ExtensibilityGlobals) = postSolution
		SolutionGuid = {E8DC21F5-59AE-4F6B-B834-5DE5DA9B1B8D}
	EndGlobalSection
EndGlobal
