
Microsoft Visual Studio Solution File, Format Version 12.00
# Visual Studio 15
VisualStudioVersion = 15.0.28307.168
MinimumVisualStudioVersion = 10.0.40219.1
Project("{FAE04EC0-301F-11D3-BF4B-00C04F79EFBC}") = "QuartoProjeto", "QuartoProjeto\QuartoProjeto.csproj", "{B2C19530-2AD0-4F3D-B023-B7FAA7C45F7B}"
EndProject
Global
	GlobalSection(SolutionConfigurationPlatforms) = preSolution
		Debug|Any CPU = Debug|Any CPU
		Release|Any CPU = Release|Any CPU
	EndGlobalSection
	GlobalSection(ProjectConfigurationPlatforms) = postSolution
		{B2C19530-2AD0-4F3D-B023-B7FAA7C45F7B}.Debug|Any CPU.ActiveCfg = Debug|Any CPU
		{B2C19530-2AD0-4F3D-B023-B7FAA7C45F7B}.Debug|Any CPU.Build.0 = Debug|Any CPU
		{B2C19530-2AD0-4F3D-B023-B7FAA7C45F7B}.Release|Any CPU.ActiveCfg = Release|Any CPU
		{B2C19530-2AD0-4F3D-B023-B7FAA7C45F7B}.Release|Any CPU.Build.0 = Release|Any CPU
	EndGlobalSection
	GlobalSection(SolutionProperties) = preSolution
		HideSolutionNode = FALSE
	EndGlobalSection
	GlobalSection(ExtensibilityGlobals) = postSolution
		SolutionGuid = {C3D22984-3665-428E-9A89-95908788BD4D}
	EndGlobalSection
EndGlobal
